{
  "nodes": {
    "flake-parts": {
      "inputs": {
        "nixpkgs-lib": [
          "nixpkgs"
        ]
      },
      "locked": {
        "lastModified": 1788450739,
        "narHash": "sha256-glZLQlzIn1fXH6PazR2iUmTo7kzzyYSshrWhLS9TqCU=",
        "owner": "hercules-ci",
        "repo": "flake-parts",
        "rev": "31729ca8cbdb4fa927b34e5f4353e6a83f39e993",
        "type": "github"
      },
      "original": {
        "owner": "hercules-ci",
        "repo": "flake-parts",
        "type": "github"
      }
    },
    "libkrun-src": {
      "flake": false,
      "locked": {
        "lastModified": 1779235645,
        "narHash": "sha256-rmRMZ5j3HlueCAXQLydjmMq45+hwhxSLWM02VvHokcY=",
        "owner": "smol-machines",
        "repo": "libkrun",
        "rev": "98163265197caa24a789699f16a68b98e917b65b",
        "type": "github"
      },
      "original": {
        "owner": "smol-machines",
        "repo": "libkrun",
        "rev": "98163265197caa24a789699f16a68b98e917b65b",
        "type": "github"
      }
    },
    "libkrunfw-src": {
      "flake": false,
      "locked": {
        "lastModified": 1778821066,
        "narHash": "sha256-g2DxDnnh52JCPg4ktPWFBi0J9203FCncGOzB3eiCRxQ=",
        "owner": "smol-machines",
        "repo": "libkrunfw",
        "rev": "516ceece6aed60ccc84ac8faa459885062e39400",
        "type": "github"
      },
      "original": {
        "owner": "smol-machines",
        "repo": "libkrunfw",
        "rev": "516ceece6aed60ccc84ac8faa459885062e39400",
        "type": "github"
      }
    },
    "nixpkgs": {
      "locked": {
        "lastModified": 1790323409,
        "narHash": "sha256-VVTPf+Hyd5ebpjBMHmrLMSBIeW6ls48Bqtosj7CNKLA=",
        "owner": "NixOS",
        "repo": "nixpkgs",
        "rev": "e94cb152ed51bd6e24eb4a41f1460252beb52cd2",
        "type": "github"
      },
      "original": {
        "owner": "NixOS",
        "ref": "nixos-unstable",
        "repo": "nixpkgs",
        "type": "github"
      }
    },
    "root": {
      "inputs": {
        "flake-parts": "flake-parts",
        "nixpkgs": "nixpkgs",
        "smolvm-upstream": "smolvm-upstream"
      }
    },
    "smolvm-upstream": {
      "inputs": {
        "libkrun-src": "libkrun-src",
        "libkrunfw-src": "libkrunfw-src",
        "nixpkgs": [
          "nixpkgs"
        ]
      },
      "locked": {
        "lastModified": 1790415184,
        "narHash": "sha256-ZDN/N/mSaAwYZ4ai4buGK3cBSl4udGphIHYGNMhYKkQ=",
        "owner": "smol-machines",
        "repo": "smolvm",
        "rev": "c684a1c759822d6d22bc1598d183f65ea4154cbb",
        "type": "github"
      },
      "original": {
        "owner": "smol-machines",
        "repo": "smolvm",
        "type": "github"
      }
    }
  },
  "root": "root",
  "version": 7
}
