{
  "nodes": {
    "flake-parts": {
      "inputs": {
        "nixpkgs-lib": [
          "nixpkgs"
        ]
      },
      "locked": {
        "lastModified": 1785627969,
        "narHash": "sha256-4dtXQk/NMePegK/nWp5NSeuZKLATItOq61lpEvmXqGw=",
        "owner": "hercules-ci",
        "repo": "flake-parts",
        "rev": "427bf4bd9435fdf21321c8cc628c24efc14c0f7a",
        "type": "github"
      },
      "original": {
        "owner": "hercules-ci",
        "repo": "flake-parts",
        "type": "github"
      }
    },
    "nixpkgs": {
      "locked": {
        "lastModified": 1787360063,
        "narHash": "sha256-dt4WdcvsA8/RCe+VZZwqU0X+XMM3wBbGCWA0/sFWzGo=",
        "owner": "NixOS",
        "repo": "nixpkgs",
        "rev": "2c423e03bbafcff28bfadc6781a4a8257f205cb5",
        "type": "github"
      },
      "original": {
        "owner": "NixOS",
        "ref": "nixos-unstable",
        "repo": "nixpkgs",
        "type": "github"
      }
    },
    "root": {
      "inputs": {
        "flake-parts": "flake-parts",
        "nixpkgs": "nixpkgs",
        "wine4office-src": "wine4office-src"
      }
    },
    "wine4office-src": {
      "flake": false,
      "locked": {
        "lastModified": 1786090458,
        "narHash": "sha256-HiFaA2KW/bZavNQ8RCaGYGmtEqYMKgsYqBVjX8PUWqs=",
        "owner": "ttv20",
        "repo": "wine4office",
        "rev": "5e763e7f23ff2596292a0b0de64416b93411bd9a",
        "type": "github"
      },
      "original": {
        "owner": "ttv20",
        "ref": "wine4office-v0.1.11-rc.2",
        "repo": "wine4office",
        "type": "github"
      }
    }
  },
  "root": "root",
  "version": 7
}
