{
  "nodes": {
    "flake-parts": {
      "inputs": {
        "nixpkgs-lib": [
          "nixpkgs"
        ]
      },
      "locked": {
        "lastModified": 1788450739,
        "narHash": "sha256-glZLQlzIn1fXH6PazR2iUmTo7kzzyYSshrWhLS9TqCU=",
        "owner": "hercules-ci",
        "repo": "flake-parts",
        "rev": "31729ca8cbdb4fa927b34e5f4353e6a83f39e993",
        "type": "github"
      },
      "original": {
        "owner": "hercules-ci",
        "repo": "flake-parts",
        "type": "github"
      }
    },
    "nixpkgs": {
      "locked": {
        "lastModified": 1790323409,
        "narHash": "sha256-VVTPf+Hyd5ebpjBMHmrLMSBIeW6ls48Bqtosj7CNKLA=",
        "owner": "NixOS",
        "repo": "nixpkgs",
        "rev": "e94cb152ed51bd6e24eb4a41f1460252beb52cd2",
        "type": "github"
      },
      "original": {
        "owner": "NixOS",
        "ref": "nixos-unstable",
        "repo": "nixpkgs",
        "type": "github"
      }
    },
    "quadlet-nix": {
      "locked": {
        "lastModified": 1785695563,
        "narHash": "sha256-kE3JCUeQA4CXlLl5TglmKceOJP+ZF/CwkHngiZ3yS00=",
        "owner": "SEIAROTg",
        "repo": "quadlet-nix",
        "rev": "b6ff6c4d6b36b8e29bce417b668597fab3e03160",
        "type": "github"
      },
      "original": {
        "owner": "SEIAROTg",
        "repo": "quadlet-nix",
        "type": "github"
      }
    },
    "root": {
      "inputs": {
        "flake-parts": "flake-parts",
        "nixpkgs": "nixpkgs",
        "quadlet-nix": "quadlet-nix",
        "sub2api-src": "sub2api-src"
      }
    },
    "sub2api-src": {
      "flake": false,
      "locked": {
        "lastModified": 1790155126,
        "narHash": "sha256-VDtY6A7tUKmGf3tpD2+TA4M0hyrNHKb7K+opYulmdmg=",
        "owner": "Wei-Shaw",
        "repo": "sub2api",
        "rev": "a3eb7ef302961cba716dc78b39b93b60c467db0e",
        "type": "github"
      },
      "original": {
        "owner": "Wei-Shaw",
        "repo": "sub2api",
        "type": "github"
      }
    }
  },
  "root": "root",
  "version": 7
}
