{
  "nodes": {
    "flake-parts": {
      "inputs": {
        "nixpkgs-lib": [
          "nixpkgs"
        ]
      },
      "locked": {
        "lastModified": 1787559586,
        "narHash": "sha256-onL0VLf9vPllmT0H/OlURIU5r5t5WIEl7t4tVNKT0Nw=",
        "owner": "hercules-ci",
        "repo": "flake-parts",
        "rev": "9d0d87172c374f89da73c1cfe6d81ae62feac1f1",
        "type": "github"
      },
      "original": {
        "owner": "hercules-ci",
        "repo": "flake-parts",
        "type": "github"
      }
    },
    "nixpkgs": {
      "locked": {
        "lastModified": 1788179007,
        "narHash": "sha256-hn1oU2rue2SYK8dAr8+WNZWtbsz1S2W5mnHlSEuh3bo=",
        "owner": "NixOS",
        "repo": "nixpkgs",
        "rev": "34ab99075ac4f7e40cf037eef32cb1c360bb85e9",
        "type": "github"
      },
      "original": {
        "owner": "NixOS",
        "ref": "nixos-unstable",
        "repo": "nixpkgs",
        "type": "github"
      }
    },
    "root": {
      "inputs": {
        "flake-parts": "flake-parts",
        "nixpkgs": "nixpkgs",
        "sub2api-src": "sub2api-src"
      }
    },
    "sub2api-src": {
      "flake": false,
      "locked": {
        "lastModified": 1788256054,
        "narHash": "sha256-zTwr83iyg8ObV4MjOt71eoxqj9Z9QxZWH4WGsYEqvuc=",
        "owner": "Wei-Shaw",
        "repo": "sub2api",
        "rev": "0d27f45ead1b58908548ec21afd923ecaf7339bc",
        "type": "github"
      },
      "original": {
        "owner": "Wei-Shaw",
        "repo": "sub2api",
        "type": "github"
      }
    }
  },
  "root": "root",
  "version": 7
}
