{
  "nodes": {
    "flake-parts": {
      "inputs": {
        "nixpkgs-lib": [
          "nixpkgs"
        ]
      },
      "locked": {
        "lastModified": 1788306937,
        "narHash": "sha256-lbrI1UYVpFgKSsyrU9oeF7FHfnu8nLD9ja0ou9f2rxk=",
        "owner": "hercules-ci",
        "repo": "flake-parts",
        "rev": "f16b25b8c3d2809b87925d0b76652d7821a75c68",
        "type": "github"
      },
      "original": {
        "owner": "hercules-ci",
        "repo": "flake-parts",
        "type": "github"
      }
    },
    "nixpkgs": {
      "locked": {
        "lastModified": 1788179007,
        "narHash": "sha256-hn1oU2rue2SYK8dAr8+WNZWtbsz1S2W5mnHlSEuh3bo=",
        "owner": "NixOS",
        "repo": "nixpkgs",
        "rev": "34ab99075ac4f7e40cf037eef32cb1c360bb85e9",
        "type": "github"
      },
      "original": {
        "owner": "NixOS",
        "ref": "nixos-unstable",
        "repo": "nixpkgs",
        "type": "github"
      }
    },
    "root": {
      "inputs": {
        "flake-parts": "flake-parts",
        "nixpkgs": "nixpkgs",
        "zvec-grep-src": "zvec-grep-src"
      }
    },
    "zvec-grep-src": {
      "flake": false,
      "locked": {
        "lastModified": 1788246216,
        "narHash": "sha256-8bP+w2YSzWlTJbipmF8ighraZRDye0uiZmd8+Pz4WE8=",
        "owner": "zvec-ai",
        "repo": "zvec-grep",
        "rev": "309a66995809243d3274fa8b5bea63ab11dda1a0",
        "type": "github"
      },
      "original": {
        "owner": "zvec-ai",
        "ref": "v0.2.1",
        "repo": "zvec-grep",
        "type": "github"
      }
    }
  },
  "root": "root",
  "version": 7
}
