{
  "nodes": {
    "flake-parts": {
      "inputs": {
        "nixpkgs-lib": [
          "nixpkgs"
        ]
      },
      "locked": {
        "lastModified": 1788450739,
        "narHash": "sha256-glZLQlzIn1fXH6PazR2iUmTo7kzzyYSshrWhLS9TqCU=",
        "owner": "hercules-ci",
        "repo": "flake-parts",
        "rev": "31729ca8cbdb4fa927b34e5f4353e6a83f39e993",
        "type": "github"
      },
      "original": {
        "owner": "hercules-ci",
        "repo": "flake-parts",
        "type": "github"
      }
    },
    "nixpkgs": {
      "locked": {
        "lastModified": 1790323409,
        "narHash": "sha256-VVTPf+Hyd5ebpjBMHmrLMSBIeW6ls48Bqtosj7CNKLA=",
        "owner": "NixOS",
        "repo": "nixpkgs",
        "rev": "e94cb152ed51bd6e24eb4a41f1460252beb52cd2",
        "type": "github"
      },
      "original": {
        "owner": "NixOS",
        "ref": "nixos-unstable",
        "repo": "nixpkgs",
        "type": "github"
      }
    },
    "root": {
      "inputs": {
        "flake-parts": "flake-parts",
        "nixpkgs": "nixpkgs",
        "zvec-grep-src": "zvec-grep-src"
      }
    },
    "zvec-grep-src": {
      "flake": false,
      "locked": {
        "lastModified": 1788246216,
        "narHash": "sha256-8bP+w2YSzWlTJbipmF8ighraZRDye0uiZmd8+Pz4WE8=",
        "owner": "zvec-ai",
        "repo": "zvec-grep",
        "rev": "309a66995809243d3274fa8b5bea63ab11dda1a0",
        "type": "github"
      },
      "original": {
        "owner": "zvec-ai",
        "ref": "v0.2.1",
        "repo": "zvec-grep",
        "type": "github"
      }
    }
  },
  "root": "root",
  "version": 7
}
